
Microsoft Visual Studio Solution File, Format Version 12.00
# Visual Studio Version 16
VisualStudioVersion = 16.0.32228.343
MinimumVisualStudioVersion = 10.0.40219.1
Project("{FAE04EC0-301F-11D3-BF4B-00C04F79EFBC}") = "MemoProject", "MemoProject.csproj", "{56971EED-907A-46B1-A4D8-91B6714D6571}"
EndProject
Global
	GlobalSection(SolutionConfigurationPlatforms) = preSolution
		Debug|Any CPU = Debug|Any CPU
		Release|Any CPU = Release|Any CPU
	EndGlobalSection
	GlobalSection(ProjectConfigurationPlatforms) = postSolution
		{56971EED-907A-46B1-A4D8-91B6714D6571}.Debug|Any CPU.ActiveCfg = Debug|Any CPU
		{56971EED-907A-46B1-A4D8-91B6714D6571}.Debug|Any CPU.Build.0 = Debug|Any CPU
		{56971EED-907A-46B1-A4D8-91B6714D6571}.Release|Any CPU.ActiveCfg = Release|Any CPU
		{56971EED-907A-46B1-A4D8-91B6714D6571}.Release|Any CPU.Build.0 = Release|Any CPU
	EndGlobalSection
	GlobalSection(SolutionProperties) = preSolution
		HideSolutionNode = FALSE
	EndGlobalSection
	GlobalSection(ExtensibilityGlobals) = postSolution
		SolutionGuid = {6335333B-4F28-4045-AD1C-BF35ECAFE9B3}
	EndGlobalSection
EndGlobal
